
Microsoft Visual Studio Solution File, Format Version 12.00
# Visual Studio 15
VisualStudioVersion = 15.0.28307.329
MinimumVisualStudioVersion = 10.0.40219.1
Project("{FAE04EC0-301F-11D3-BF4B-00C04F79EFBC}") = "BookClass", "BookClass\BookClass.csproj", "{842C6DC1-374D-4CFF-85CC-C3B6416AFF00}"
EndProject
Project("{FAE04EC0-301F-11D3-BF4B-00C04F79EFBC}") = "CarClass", "..\CarClass\CarClass.csproj", "{F5B12FF2-0999-4EFC-BCC4-126C0F4DE198}"
EndProject
Global
	GlobalSection(SolutionConfigurationPlatforms) = preSolution
		Debug|Any CPU = Debug|Any CPU
		Release|Any CPU = Release|Any CPU
	EndGlobalSection
	GlobalSection(ProjectConfigurationPlatforms) = postSolution
		{842C6DC1-374D-4CFF-85CC-C3B6416AFF00}.Debug|Any CPU.ActiveCfg = Debug|Any CPU
		{842C6DC1-374D-4CFF-85CC-C3B6416AFF00}.Debug|Any CPU.Build.0 = Debug|Any CPU
		{842C6DC1-374D-4CFF-85CC-C3B6416AFF00}.Release|Any CPU.ActiveCfg = Release|Any CPU
		{842C6DC1-374D-4CFF-85CC-C3B6416AFF00}.Release|Any CPU.Build.0 = Release|Any CPU
		{F5B12FF2-0999-4EFC-BCC4-126C0F4DE198}.Debug|Any CPU.ActiveCfg = Debug|Any CPU
		{F5B12FF2-0999-4EFC-BCC4-126C0F4DE198}.Debug|Any CPU.Build.0 = Debug|Any CPU
		{F5B12FF2-0999-4EFC-BCC4-126C0F4DE198}.Release|Any CPU.ActiveCfg = Release|Any CPU
		{F5B12FF2-0999-4EFC-BCC4-126C0F4DE198}.Release|Any CPU.Build.0 = Release|Any CPU
	EndGlobalSection
	GlobalSection(SolutionProperties) = preSolution
		HideSolutionNode = FALSE
	EndGlobalSection
	GlobalSection(ExtensibilityGlobals) = postSolution
		SolutionGuid = {C68B3FA6-3197-4F90-8906-F601203A43D3}
	EndGlobalSection
EndGlobal
